// !$*UTF8*$!
{
	archiveVersion = 1;
	classes = {
	};
	objectVersion = 56;
	objects = {

/* Begin PBXBuildFile section */
		0488BACC2A73CDF200484208 /* WeathercasterApp.swift in Sources */ = {isa = PBXBuildFile; fileRef = 0488BACB2A73CDF200484208 /* WeathercasterApp.swift */; };
		0488BAD02A73CDF300484208 /* Assets.xcassets in Resources */ = {isa = PBXBuildFile; fileRef = 0488BACF2A73CDF300484208 /* Assets.xcassets */; };
		0488BAD32A73CDF300484208 /* Preview Assets.xcassets in Resources */ = {isa = PBXBuildFile; fileRef = 0488BAD22A73CDF300484208 /* Preview Assets.xcassets */; };
		0488BADA2A73CEB000484208 /* ApiKeys.plist in Resources */ = {isa = PBXBuildFile; fileRef = 0488BAD92A73CEB000484208 /* ApiKeys.plist */; };
		0488BADE2A73CEE500484208 /* Bundle+APIKey.swift in Sources */ = {isa = PBXBuildFile; fileRef = 0488BADD2A73CEE500484208 /* Bundle+APIKey.swift */; };
		0488BAE32A73E58700484208 /* WeatherModel.swift in Sources */ = {isa = PBXBuildFile; fileRef = 0488BAE22A73E58700484208 /* WeatherModel.swift */; };
		0488BAF42A74D89900484208 /* WeatherView.swift in Sources */ = {isa = PBXBuildFile; fileRef = 0488BAF32A74D89900484208 /* WeatherView.swift */; };
		0488BAF92A74F6EB00484208 /* WeatherViewModel.swift in Sources */ = {isa = PBXBuildFile; fileRef = 0488BAF82A74F6EB00484208 /* WeatherViewModel.swift */; };
		0488BB082A7510A000484208 /* PreviewProvider.swift in Sources */ = {isa = PBXBuildFile; fileRef = 0488BB072A7510A000484208 /* PreviewProvider.swift */; };
		0488BB0A2A75119000484208 /* MainView.swift in Sources */ = {isa = PBXBuildFile; fileRef = 0488BB092A75119000484208 /* MainView.swift */; };
		0488BB0C2A7511A200484208 /* MainViewModel.swift in Sources */ = {isa = PBXBuildFile; fileRef = 0488BB0B2A7511A200484208 /* MainViewModel.swift */; };
		0488BB132A751C8F00484208 /* Color.swift in Sources */ = {isa = PBXBuildFile; fileRef = 0488BB122A751C8F00484208 /* Color.swift */; };
		0488BB152A76113500484208 /* LocationManager.swift in Sources */ = {isa = PBXBuildFile; fileRef = 0488BB142A76113500484208 /* LocationManager.swift */; };
		0488BB192A76167A00484208 /* SearchBar.swift in Sources */ = {isa = PBXBuildFile; fileRef = 0488BB182A76167A00484208 /* SearchBar.swift */; };
		0488BB1B2A76195B00484208 /* PlaceModel.swift in Sources */ = {isa = PBXBuildFile; fileRef = 0488BB1A2A76195B00484208 /* PlaceModel.swift */; };
/* End PBXBuildFile section */

/* Begin PBXFileReference section */
		0488BAC82A73CDF200484208 /* Weathercaster.app */ = {isa = PBXFileReference; explicitFileType = wrapper.application; includeInIndex = 0; path = Weathercaster.app; sourceTree = BUILT_PRODUCTS_DIR; };
		0488BACB2A73CDF200484208 /* WeathercasterApp.swift */ = {isa = PBXFileReference; lastKnownFileType = sourcecode.swift; path = WeathercasterApp.swift; sourceTree = "<group>"; };
		0488BACF2A73CDF300484208 /* Assets.xcassets */ = {isa = PBXFileReference; lastKnownFileType = folder.assetcatalog; path = Assets.xcassets; sourceTree = "<group>"; };
		0488BAD22A73CDF300484208 /* Preview Assets.xcassets */ = {isa = PBXFileReference; lastKnownFileType = folder.assetcatalog; path = "Preview Assets.xcassets"; sourceTree = "<group>"; };
		0488BAD92A73CEB000484208 /* ApiKeys.plist */ = {isa = PBXFileReference; lastKnownFileType = text.plist.xml; path = ApiKeys.plist; sourceTree = "<group>"; };
		0488BADD2A73CEE500484208 /* Bundle+APIKey.swift */ = {isa = PBXFileReference; lastKnownFileType = sourcecode.swift; path = "Bundle+APIKey.swift"; sourceTree = "<group>"; };
		0488BADF2A73D0A500484208 /* Info.plist */ = {isa = PBXFileReference; lastKnownFileType = text.plist; path = Info.plist; sourceTree = "<group>"; };
		0488BAE12A73D31D00484208 /* README.md */ = {isa = PBXFileReference; lastKnownFileType = net.daringfireball.markdown; path = README.md; sourceTree = "<group>"; };
		0488BAE22A73E58700484208 /* WeatherModel.swift */ = {isa = PBXFileReference; lastKnownFileType = sourcecode.swift; path = WeatherModel.swift; sourceTree = "<group>"; };
		0488BAF32A74D89900484208 /* WeatherView.swift */ = {isa = PBXFileReference; lastKnownFileType = sourcecode.swift; path = WeatherView.swift; sourceTree = "<group>"; };
		0488BAF82A74F6EB00484208 /* WeatherViewModel.swift */ = {isa = PBXFileReference; lastKnownFileType = sourcecode.swift; path = WeatherViewModel.swift; sourceTree = "<group>"; };
		0488BB072A7510A000484208 /* PreviewProvider.swift */ = {isa = PBXFileReference; lastKnownFileType = sourcecode.swift; path = PreviewProvider.swift; sourceTree = "<group>"; };
		0488BB092A75119000484208 /* MainView.swift */ = {isa = PBXFileReference; lastKnownFileType = sourcecode.swift; path = MainView.swift; sourceTree = "<group>"; };
		0488BB0B2A7511A200484208 /* MainViewModel.swift */ = {isa = PBXFileReference; lastKnownFileType = sourcecode.swift; path = MainViewModel.swift; sourceTree = "<group>"; };
		0488BB122A751C8F00484208 /* Color.swift */ = {isa = PBXFileReference; lastKnownFileType = sourcecode.swift; path = Color.swift; sourceTree = "<group>"; };
		0488BB142A76113500484208 /* LocationManager.swift */ = {isa = PBXFileReference; lastKnownFileType = sourcecode.swift; path = LocationManager.swift; sourceTree = "<group>"; };
		0488BB182A76167A00484208 /* SearchBar.swift */ = {isa = PBXFileReference; lastKnownFileType = sourcecode.swift; path = SearchBar.swift; sourceTree = "<group>"; };
		0488BB1A2A76195B00484208 /* PlaceModel.swift */ = {isa = PBXFileReference; lastKnownFileType = sourcecode.swift; path = PlaceModel.swift; sourceTree = "<group>"; };
/* End PBXFileReference section */

/* Begin PBXFrameworksBuildPhase section */
		0488BAC52A73CDF200484208 /* Frameworks */ = {
			isa = PBXFrameworksBuildPhase;
			buildActionMask = 2147483647;
			files = (
			);
			runOnlyForDeploymentPostprocessing = 0;
		};
/* End PBXFrameworksBuildPhase section */

/* Begin PBXGroup section */
		0488BABF2A73CDF200484208 = {
			isa = PBXGroup;
			children = (
				0488BAE12A73D31D00484208 /* README.md */,
				0488BACA2A73CDF200484208 /* Weathercaster */,
				0488BAC92A73CDF200484208 /* Products */,
			);
			sourceTree = "<group>";
		};
		0488BAC92A73CDF200484208 /* Products */ = {
			isa = PBXGroup;
			children = (
				0488BAC82A73CDF200484208 /* Weathercaster.app */,
			);
			name = Products;
			sourceTree = "<group>";
		};
		0488BACA2A73CDF200484208 /* Weathercaster */ = {
			isa = PBXGroup;
			children = (
				0488BADF2A73D0A500484208 /* Info.plist */,
				0488BACB2A73CDF200484208 /* WeathercasterApp.swift */,
				0488BB172A76166A00484208 /* Components */,
				0488BB0D2A7515C000484208 /* Services */,
				0488BAE72A741F8200484208 /* Core */,
				0488BADB2A73CECC00484208 /* Models */,
				0488BADC2A73CED500484208 /* Extensions */,
				0488BACF2A73CDF300484208 /* Assets.xcassets */,
				0488BAD12A73CDF300484208 /* Preview Content */,
			);
			path = Weathercaster;
			sourceTree = "<group>";
		};
		0488BAD12A73CDF300484208 /* Preview Content */ = {
			isa = PBXGroup;
			children = (
				0488BAD22A73CDF300484208 /* Preview Assets.xcassets */,
			);
			path = "Preview Content";
			sourceTree = "<group>";
		};
		0488BADB2A73CECC00484208 /* Models */ = {
			isa = PBXGroup;
			children = (
				0488BAD92A73CEB000484208 /* ApiKeys.plist */,
				0488BAE22A73E58700484208 /* WeatherModel.swift */,
				0488BB1A2A76195B00484208 /* PlaceModel.swift */,
			);
			path = Models;
			sourceTree = "<group>";
		};
		0488BADC2A73CED500484208 /* Extensions */ = {
			isa = PBXGroup;
			children = (
				0488BADD2A73CEE500484208 /* Bundle+APIKey.swift */,
				0488BB072A7510A000484208 /* PreviewProvider.swift */,
				0488BB122A751C8F00484208 /* Color.swift */,
			);
			path = Extensions;
			sourceTree = "<group>";
		};
		0488BAE72A741F8200484208 /* Core */ = {
			isa = PBXGroup;
			children = (
				0488BAFE2A750F8600484208 /* Main */,
				0488BAF22A74D87E00484208 /* Weather */,
			);
			path = Core;
			sourceTree = "<group>";
		};
		0488BAF22A74D87E00484208 /* Weather */ = {
			isa = PBXGroup;
			children = (
				0488BAF72A74F6DC00484208 /* ViewModels */,
				0488BAF62A74F6D600484208 /* Views */,
			);
			path = Weather;
			sourceTree = "<group>";
		};
		0488BAF62A74F6D600484208 /* Views */ = {
			isa = PBXGroup;
			children = (
				0488BAF32A74D89900484208 /* WeatherView.swift */,
			);
			path = Views;
			sourceTree = "<group>";
		};
		0488BAF72A74F6DC00484208 /* ViewModels */ = {
			isa = PBXGroup;
			children = (
				0488BAF82A74F6EB00484208 /* WeatherViewModel.swift */,
			);
			path = ViewModels;
			sourceTree = "<group>";
		};
		0488BAFE2A750F8600484208 /* Main */ = {
			isa = PBXGroup;
			children = (
				0488BB002A750F9900484208 /* ViewModels */,
				0488BAFF2A750F9400484208 /* Views */,
			);
			path = Main;
			sourceTree = "<group>";
		};
		0488BAFF2A750F9400484208 /* Views */ = {
			isa = PBXGroup;
			children = (
				0488BB092A75119000484208 /* MainView.swift */,
			);
			path = Views;
			sourceTree = "<group>";
		};
		0488BB002A750F9900484208 /* ViewModels */ = {
			isa = PBXGroup;
			children = (
				0488BB0B2A7511A200484208 /* MainViewModel.swift */,
			);
			path = ViewModels;
			sourceTree = "<group>";
		};
		0488BB0D2A7515C000484208 /* Services */ = {
			isa = PBXGroup;
			children = (
				0488BB142A76113500484208 /* LocationManager.swift */,
			);
			path = Services;
			sourceTree = "<group>";
		};
		0488BB172A76166A00484208 /* Components */ = {
			isa = PBXGroup;
			children = (
				0488BB182A76167A00484208 /* SearchBar.swift */,
			);
			path = Components;
			sourceTree = "<group>";
		};
/* End PBXGroup section */

/* Begin PBXNativeTarget section */
		0488BAC72A73CDF200484208 /* Weathercaster */ = {
			isa = PBXNativeTarget;
			buildConfigurationList = 0488BAD62A73CDF300484208 /* Build configuration list for PBXNativeTarget "Weathercaster" */;
			buildPhases = (
				0488BAC42A73CDF200484208 /* Sources */,
				0488BAC52A73CDF200484208 /* Frameworks */,
				0488BAC62A73CDF200484208 /* Resources */,
			);
			buildRules = (
			);
			dependencies = (
			);
			name = Weathercaster;
			productName = Weathercaster;
			productReference = 0488BAC82A73CDF200484208 /* Weathercaster.app */;
			productType = "com.apple.product-type.application";
		};
/* End PBXNativeTarget section */

/* Begin PBXProject section */
		0488BAC02A73CDF200484208 /* Project object */ = {
			isa = PBXProject;
			attributes = {
				BuildIndependentTargetsInParallel = 1;
				LastSwiftUpdateCheck = 1430;
				LastUpgradeCheck = 1430;
				TargetAttributes = {
					0488BAC72A73CDF200484208 = {
						CreatedOnToolsVersion = 14.3.1;
					};
				};
			};
			buildConfigurationList = 0488BAC32A73CDF200484208 /* Build configuration list for PBXProject "Weathercaster" */;
			compatibilityVersion = "Xcode 14.0";
			developmentRegion = en;
			hasScannedForEncodings = 0;
			knownRegions = (
				en,
				Base,
			);
			mainGroup = 0488BABF2A73CDF200484208;
			productRefGroup = 0488BAC92A73CDF200484208 /* Products */;
			projectDirPath = "";
			projectRoot = "";
			targets = (
				0488BAC72A73CDF200484208 /* Weathercaster */,
			);
		};
/* End PBXProject section */

/* Begin PBXResourcesBuildPhase section */
		0488BAC62A73CDF200484208 /* Resources */ = {
			isa = PBXResourcesBuildPhase;
			buildActionMask = 2147483647;
			files = (
				0488BAD32A73CDF300484208 /* Preview Assets.xcassets in Resources */,
				0488BAD02A73CDF300484208 /* Assets.xcassets in Resources */,
				0488BADA2A73CEB000484208 /* ApiKeys.plist in Resources */,
			);
			runOnlyForDeploymentPostprocessing = 0;
		};
/* End PBXResourcesBuildPhase section */

/* Begin PBXSourcesBuildPhase section */
		0488BAC42A73CDF200484208 /* Sources */ = {
			isa = PBXSourcesBuildPhase;
			buildActionMask = 2147483647;
			files = (
				0488BAF42A74D89900484208 /* WeatherView.swift in Sources */,
				0488BB1B2A76195B00484208 /* PlaceModel.swift in Sources */,
				0488BB132A751C8F00484208 /* Color.swift in Sources */,
				0488BB152A76113500484208 /* LocationManager.swift in Sources */,
				0488BB0A2A75119000484208 /* MainView.swift in Sources */,
				0488BAF92A74F6EB00484208 /* WeatherViewModel.swift in Sources */,
				0488BADE2A73CEE500484208 /* Bundle+APIKey.swift in Sources */,
				0488BAE32A73E58700484208 /* WeatherModel.swift in Sources */,
				0488BB082A7510A000484208 /* PreviewProvider.swift in Sources */,
				0488BACC2A73CDF200484208 /* WeathercasterApp.swift in Sources */,
				0488BB192A76167A00484208 /* SearchBar.swift in Sources */,
				0488BB0C2A7511A200484208 /* MainViewModel.swift in Sources */,
			);
			runOnlyForDeploymentPostprocessing = 0;
		};
/* End PBXSourcesBuildPhase section */

/* Begin XCBuildConfiguration section */
		0488BAD42A73CDF300484208 /* Debug */ = {
			isa = XCBuildConfiguration;
			buildSettings = {
				ALWAYS_SEARCH_USER_PATHS = NO;
				CLANG_ANALYZER_NONNULL = YES;
				CLANG_ANALYZER_NUMBER_OBJECT_CONVERSION = YES_AGGRESSIVE;
				CLANG_CXX_LANGUAGE_STANDARD = "gnu++20";
				CLANG_ENABLE_MODULES = YES;
				CLANG_ENABLE_OBJC_ARC = YES;
				CLANG_ENABLE_OBJC_WEAK = YES;
				CLANG_WARN_BLOCK_CAPTURE_AUTORELEASING = YES;
				CLANG_WARN_BOOL_CONVERSION = YES;
				CLANG_WARN_COMMA = YES;
				CLANG_WARN_CONSTANT_CONVERSION = YES;
				CLANG_WARN_DEPRECATED_OBJC_IMPLEMENTATIONS = YES;
				CLANG_WARN_DIRECT_OBJC_ISA_USAGE = YES_ERROR;
				CLANG_WARN_DOCUMENTATION_COMMENTS = YES;
				CLANG_WARN_EMPTY_BODY = YES;
				CLANG_WARN_ENUM_CONVERSION = YES;
				CLANG_WARN_INFINITE_RECURSION = YES;
				CLANG_WARN_INT_CONVERSION = YES;
				CLANG_WARN_NON_LITERAL_NULL_CONVERSION = YES;
				CLANG_WARN_OBJC_IMPLICIT_RETAIN_SELF = YES;
				CLANG_WARN_OBJC_LITERAL_CONVERSION = YES;
				CLANG_WARN_OBJC_ROOT_CLASS = YES_ERROR;
				CLANG_WARN_QUOTED_INCLUDE_IN_FRAMEWORK_HEADER = YES;
				CLANG_WARN_RANGE_LOOP_ANALYSIS = YES;
				CLANG_WARN_STRICT_PROTOTYPES = YES;
				CLANG_WARN_SUSPICIOUS_MOVE = YES;
				CLANG_WARN_UNGUARDED_AVAILABILITY = YES_AGGRESSIVE;
				CLANG_WARN_UNREACHABLE_CODE = YES;
				CLANG_WARN__DUPLICATE_METHOD_MATCH = YES;
				COPY_PHASE_STRIP = NO;
				DEBUG_INFORMATION_FORMAT = dwarf;
				ENABLE_STRICT_OBJC_MSGSEND = YES;
				ENABLE_TESTABILITY = YES;
				GCC_C_LANGUAGE_STANDARD = gnu11;
				GCC_DYNAMIC_NO_PIC = NO;
				GCC_NO_COMMON_BLOCKS = YES;
				GCC_OPTIMIZATION_LEVEL = 0;
				GCC_PREPROCESSOR_DEFINITIONS = (
					"DEBUG=1",
					"$(inherited)",
				);
				GCC_WARN_64_TO_32_BIT_CONVERSION = YES;
				GCC_WARN_ABOUT_RETURN_TYPE = YES_ERROR;
				GCC_WARN_UNDECLARED_SELECTOR = YES;
				GCC_WARN_UNINITIALIZED_AUTOS = YES_AGGRESSIVE;
				GCC_WARN_UNUSED_FUNCTION = YES;
				GCC_WARN_UNUSED_VARIABLE = YES;
				IPHONEOS_DEPLOYMENT_TARGET = 16.4;
				MTL_ENABLE_DEBUG_INFO = INCLUDE_SOURCE;
				MTL_FAST_MATH = YES;
				ONLY_ACTIVE_ARCH = YES;
				SDKROOT = iphoneos;
				SWIFT_ACTIVE_COMPILATION_CONDITIONS = DEBUG;
				SWIFT_OPTIMIZATION_LEVEL = "-Onone";
			};
			name = Debug;
		};
		0488BAD52A73CDF300484208 /* Release */ = {
			isa = XCBuildConfiguration;
			buildSettings = {
				ALWAYS_SEARCH_USER_PATHS = NO;
				CLANG_ANALYZER_NONNULL = YES;
				CLANG_ANALYZER_NUMBER_OBJECT_CONVERSION = YES_AGGRESSIVE;
				CLANG_CXX_LANGUAGE_STANDARD = "gnu++20";
				CLANG_ENABLE_MODULES = YES;
				CLANG_ENABLE_OBJC_ARC = YES;
				CLANG_ENABLE_OBJC_WEAK = YES;
				CLANG_WARN_BLOCK_CAPTURE_AUTORELEASING = YES;
				CLANG_WARN_BOOL_CONVERSION = YES;
				CLANG_WARN_COMMA = YES;
				CLANG_WARN_CONSTANT_CONVERSION = YES;
				CLANG_WARN_DEPRECATED_OBJC_IMPLEMENTATIONS = YES;
				CLANG_WARN_DIRECT_OBJC_ISA_USAGE = YES_ERROR;
				CLANG_WARN_DOCUMENTATION_COMMENTS = YES;
				CLANG_WARN_EMPTY_BODY = YES;
				CLANG_WARN_ENUM_CONVERSION = YES;
				CLANG_WARN_INFINITE_RECURSION = YES;
				CLANG_WARN_INT_CONVERSION = YES;
				CLANG_WARN_NON_LITERAL_NULL_CONVERSION = YES;
				CLANG_WARN_OBJC_IMPLICIT_RETAIN_SELF = YES;
				CLANG_WARN_OBJC_LITERAL_CONVERSION = YES;
				CLANG_WARN_OBJC_ROOT_CLASS = YES_ERROR;
				CLANG_WARN_QUOTED_INCLUDE_IN_FRAMEWORK_HEADER = YES;
				CLANG_WARN_RANGE_LOOP_ANALYSIS = YES;
				CLANG_WARN_STRICT_PROTOTYPES = YES;
				CLANG_WARN_SUSPICIOUS_MOVE = YES;
				CLANG_WARN_UNGUARDED_AVAILABILITY = YES_AGGRESSIVE;
				CLANG_WARN_UNREACHABLE_CODE = YES;
				CLANG_WARN__DUPLICATE_METHOD_MATCH = YES;
				COPY_PHASE_STRIP = NO;
				DEBUG_INFORMATION_FORMAT = "dwarf-with-dsym";
				ENABLE_NS_ASSERTIONS = NO;
				ENABLE_STRICT_OBJC_MSGSEND = YES;
				GCC_C_LANGUAGE_STANDARD = gnu11;
				GCC_NO_COMMON_BLOCKS = YES;
				GCC_WARN_64_TO_32_BIT_CONVERSION = YES;
				GCC_WARN_ABOUT_RETURN_TYPE = YES_ERROR;
				GCC_WARN_UNDECLARED_SELECTOR = YES;
				GCC_WARN_UNINITIALIZED_AUTOS = YES_AGGRESSIVE;
				GCC_WARN_UNUSED_FUNCTION = YES;
				GCC_WARN_UNUSED_VARIABLE = YES;
				IPHONEOS_DEPLOYMENT_TARGET = 16.4;
				MTL_ENABLE_DEBUG_INFO = NO;
				MTL_FAST_MATH = YES;
				SDKROOT = iphoneos;
				SWIFT_COMPILATION_MODE = wholemodule;
				SWIFT_OPTIMIZATION_LEVEL = "-O";
				VALIDATE_PRODUCT = YES;
			};
			name = Release;
		};
		0488BAD72A73CDF300484208 /* Debug */ = {
			isa = XCBuildConfiguration;
			buildSettings = {
				ASSETCATALOG_COMPILER_APPICON_NAME = AppIcon;
				ASSETCATALOG_COMPILER_GLOBAL_ACCENT_COLOR_NAME = AccentColor;
				CODE_SIGN_STYLE = Automatic;
				CURRENT_PROJECT_VERSION = 1;
				DEVELOPMENT_ASSET_PATHS = "\"Weathercaster/Preview Content\"";
				DEVELOPMENT_TEAM = P85DW78LYM;
				ENABLE_PREVIEWS = YES;
				GENERATE_INFOPLIST_FILE = YES;
				INFOPLIST_FILE = Weathercaster/Info.plist;
				INFOPLIST_KEY_NSLocationWhenInUseUsageDescription = "사용자의 위치를 기반으로 날씨 정보를 제공하기 위해 위치 정보가 필요합니다.";
				INFOPLIST_KEY_UIApplicationSceneManifest_Generation = YES;
				INFOPLIST_KEY_UIApplicationSupportsIndirectInputEvents = YES;
				INFOPLIST_KEY_UILaunchScreen_Generation = YES;
				INFOPLIST_KEY_UISupportedInterfaceOrientations = UIInterfaceOrientationPortrait;
				INFOPLIST_KEY_UISupportedInterfaceOrientations_iPad = "UIInterfaceOrientationPortrait UIInterfaceOrientationPortraitUpsideDown";
				LD_RUNPATH_SEARCH_PATHS = (
					"$(inherited)",
					"@executable_path/Frameworks",
				);
				MARKETING_VERSION = 1.0;
				PRODUCT_BUNDLE_IDENTIFIER = SwainYun.Weathercaster;
				PRODUCT_NAME = "$(TARGET_NAME)";
				SUPPORTED_PLATFORMS = "iphoneos iphonesimulator";
				SUPPORTS_MACCATALYST = NO;
				SUPPORTS_MAC_DESIGNED_FOR_IPHONE_IPAD = NO;
				SWIFT_EMIT_LOC_STRINGS = YES;
				SWIFT_VERSION = 5.0;
				TARGETED_DEVICE_FAMILY = "1,2";
			};
			name = Debug;
		};
		0488BAD82A73CDF300484208 /* Release */ = {
			isa = XCBuildConfiguration;
			buildSettings = {
				ASSETCATALOG_COMPILER_APPICON_NAME = AppIcon;
				ASSETCATALOG_COMPILER_GLOBAL_ACCENT_COLOR_NAME = AccentColor;
				CODE_SIGN_STYLE = Automatic;
				CURRENT_PROJECT_VERSION = 1;
				DEVELOPMENT_ASSET_PATHS = "\"Weathercaster/Preview Content\"";
				DEVELOPMENT_TEAM = P85DW78LYM;
				ENABLE_PREVIEWS = YES;
				GENERATE_INFOPLIST_FILE = YES;
				INFOPLIST_FILE = Weathercaster/Info.plist;
				INFOPLIST_KEY_NSLocationWhenInUseUsageDescription = "사용자의 위치를 기반으로 날씨 정보를 제공하기 위해 위치 정보가 필요합니다.";
				INFOPLIST_KEY_UIApplicationSceneManifest_Generation = YES;
				INFOPLIST_KEY_UIApplicationSupportsIndirectInputEvents = YES;
				INFOPLIST_KEY_UILaunchScreen_Generation = YES;
				INFOPLIST_KEY_UISupportedInterfaceOrientations = UIInterfaceOrientationPortrait;
				INFOPLIST_KEY_UISupportedInterfaceOrientations_iPad = "UIInterfaceOrientationPortrait UIInterfaceOrientationPortraitUpsideDown";
				LD_RUNPATH_SEARCH_PATHS = (
					"$(inherited)",
					"@executable_path/Frameworks",
				);
				MARKETING_VERSION = 1.0;
				PRODUCT_BUNDLE_IDENTIFIER = SwainYun.Weathercaster;
				PRODUCT_NAME = "$(TARGET_NAME)";
				SUPPORTED_PLATFORMS = "iphoneos iphonesimulator";
				SUPPORTS_MACCATALYST = NO;
				SUPPORTS_MAC_DESIGNED_FOR_IPHONE_IPAD = NO;
				SWIFT_EMIT_LOC_STRINGS = YES;
				SWIFT_VERSION = 5.0;
				TARGETED_DEVICE_FAMILY = "1,2";
			};
			name = Release;
		};
/* End XCBuildConfiguration section */

/* Begin XCConfigurationList section */
		0488BAC32A73CDF200484208 /* Build configuration list for PBXProject "Weathercaster" */ = {
			isa = XCConfigurationList;
			buildConfigurations = (
				0488BAD42A73CDF300484208 /* Debug */,
				0488BAD52A73CDF300484208 /* Release */,
			);
			defaultConfigurationIsVisible = 0;
			defaultConfigurationName = Release;
		};
		0488BAD62A73CDF300484208 /* Build configuration list for PBXNativeTarget "Weathercaster" */ = {
			isa = XCConfigurationList;
			buildConfigurations = (
				0488BAD72A73CDF300484208 /* Debug */,
				0488BAD82A73CDF300484208 /* Release */,
			);
			defaultConfigurationIsVisible = 0;
			defaultConfigurationName = Release;
		};
/* End XCConfigurationList section */
	};
	rootObject = 0488BAC02A73CDF200484208 /* Project object */;
}
